
Microsoft Visual Studio Solution File, Format Version 12.00
# Visual Studio Version 16
VisualStudioVersion = 16.0.30503.244
MinimumVisualStudioVersion = 10.0.40219.1
Project("{FAE04EC0-301F-11D3-BF4B-00C04F79EFBC}") = "Dominator", "Dominator\Dominator.csproj", "{1F8A7DD1-CE50-4190-A0BE-3FD54377A60B}"
EndProject
Global
	GlobalSection(SolutionConfigurationPlatforms) = preSolution
		Debug|Any CPU = Debug|Any CPU
		Release|Any CPU = Release|Any CPU
	EndGlobalSection
	GlobalSection(ProjectConfigurationPlatforms) = postSolution
		{1F8A7DD1-CE50-4190-A0BE-3FD54377A60B}.Debug|Any CPU.ActiveCfg = Debug|Any CPU
		{1F8A7DD1-CE50-4190-A0BE-3FD54377A60B}.Debug|Any CPU.Build.0 = Debug|Any CPU
		{1F8A7DD1-CE50-4190-A0BE-3FD54377A60B}.Release|Any CPU.ActiveCfg = Release|Any CPU
		{1F8A7DD1-CE50-4190-A0BE-3FD54377A60B}.Release|Any CPU.Build.0 = Release|Any CPU
	EndGlobalSection
	GlobalSection(SolutionProperties) = preSolution
		HideSolutionNode = FALSE
	EndGlobalSection
	GlobalSection(ExtensibilityGlobals) = postSolution
		SolutionGuid = {AA8FF0B3-4CA1-4471-AC70-E38003788450}
	EndGlobalSection
EndGlobal
