
Microsoft Visual Studio Solution File, Format Version 12.00
# Visual Studio Version 16
VisualStudioVersion = 16.0.29403.142
MinimumVisualStudioVersion = 10.0.40219.1
Project("{FAE04EC0-301F-11D3-BF4B-00C04F79EFBC}") = "MaxCounters", "MaxCounters\MaxCounters.csproj", "{AA60AE09-C96C-4B02-AAC7-0E9879F3E6E9}"
EndProject
Global
	GlobalSection(SolutionConfigurationPlatforms) = preSolution
		Debug|Any CPU = Debug|Any CPU
		Release|Any CPU = Release|Any CPU
	EndGlobalSection
	GlobalSection(ProjectConfigurationPlatforms) = postSolution
		{AA60AE09-C96C-4B02-AAC7-0E9879F3E6E9}.Debug|Any CPU.ActiveCfg = Debug|Any CPU
		{AA60AE09-C96C-4B02-AAC7-0E9879F3E6E9}.Debug|Any CPU.Build.0 = Debug|Any CPU
		{AA60AE09-C96C-4B02-AAC7-0E9879F3E6E9}.Release|Any CPU.ActiveCfg = Release|Any CPU
		{AA60AE09-C96C-4B02-AAC7-0E9879F3E6E9}.Release|Any CPU.Build.0 = Release|Any CPU
	EndGlobalSection
	GlobalSection(SolutionProperties) = preSolution
		HideSolutionNode = FALSE
	EndGlobalSection
	GlobalSection(ExtensibilityGlobals) = postSolution
		SolutionGuid = {38075475-0E57-4B10-B247-76ED6E0A80F5}
	EndGlobalSection
EndGlobal
