
Microsoft Visual Studio Solution File, Format Version 12.00
# Visual Studio Version 16
VisualStudioVersion = 16.0.30503.244
MinimumVisualStudioVersion = 10.0.40219.1
Project("{FAE04EC0-301F-11D3-BF4B-00C04F79EFBC}") = "MinMaxDivison", "MinMaxDivison\MinMaxDivison.csproj", "{7004990F-9D52-4F03-BF1A-2AC7241A5843}"
EndProject
Global
	GlobalSection(SolutionConfigurationPlatforms) = preSolution
		Debug|Any CPU = Debug|Any CPU
		Release|Any CPU = Release|Any CPU
	EndGlobalSection
	GlobalSection(ProjectConfigurationPlatforms) = postSolution
		{7004990F-9D52-4F03-BF1A-2AC7241A5843}.Debug|Any CPU.ActiveCfg = Debug|Any CPU
		{7004990F-9D52-4F03-BF1A-2AC7241A5843}.Debug|Any CPU.Build.0 = Debug|Any CPU
		{7004990F-9D52-4F03-BF1A-2AC7241A5843}.Release|Any CPU.ActiveCfg = Release|Any CPU
		{7004990F-9D52-4F03-BF1A-2AC7241A5843}.Release|Any CPU.Build.0 = Release|Any CPU
	EndGlobalSection
	GlobalSection(SolutionProperties) = preSolution
		HideSolutionNode = FALSE
	EndGlobalSection
	GlobalSection(ExtensibilityGlobals) = postSolution
		SolutionGuid = {71FD19E8-119C-48B3-9E3A-FC7654E2F3F9}
	EndGlobalSection
EndGlobal
