
Microsoft Visual Studio Solution File, Format Version 12.00
# Visual Studio Version 16
VisualStudioVersion = 16.0.30503.244
MinimumVisualStudioVersion = 10.0.40219.1
Project("{FAE04EC0-301F-11D3-BF4B-00C04F79EFBC}") = "Peaks", "Peaks\Peaks.csproj", "{F7D0CB77-3C73-49B3-93A9-44230DBD85F3}"
EndProject
Project("{FAE04EC0-301F-11D3-BF4B-00C04F79EFBC}") = "PeaksTest", "peaksTest\PeaksTest.csproj", "{865DB80C-D56E-4C1F-9F61-D0B392251039}"
EndProject
Global
	GlobalSection(SolutionConfigurationPlatforms) = preSolution
		Debug|Any CPU = Debug|Any CPU
		Release|Any CPU = Release|Any CPU
	EndGlobalSection
	GlobalSection(ProjectConfigurationPlatforms) = postSolution
		{F7D0CB77-3C73-49B3-93A9-44230DBD85F3}.Debug|Any CPU.ActiveCfg = Debug|Any CPU
		{F7D0CB77-3C73-49B3-93A9-44230DBD85F3}.Debug|Any CPU.Build.0 = Debug|Any CPU
		{F7D0CB77-3C73-49B3-93A9-44230DBD85F3}.Release|Any CPU.ActiveCfg = Release|Any CPU
		{F7D0CB77-3C73-49B3-93A9-44230DBD85F3}.Release|Any CPU.Build.0 = Release|Any CPU
		{865DB80C-D56E-4C1F-9F61-D0B392251039}.Debug|Any CPU.ActiveCfg = Debug|Any CPU
		{865DB80C-D56E-4C1F-9F61-D0B392251039}.Debug|Any CPU.Build.0 = Debug|Any CPU
		{865DB80C-D56E-4C1F-9F61-D0B392251039}.Release|Any CPU.ActiveCfg = Release|Any CPU
		{865DB80C-D56E-4C1F-9F61-D0B392251039}.Release|Any CPU.Build.0 = Release|Any CPU
	EndGlobalSection
	GlobalSection(SolutionProperties) = preSolution
		HideSolutionNode = FALSE
	EndGlobalSection
	GlobalSection(ExtensibilityGlobals) = postSolution
		SolutionGuid = {77790FA3-BBD5-4B8E-AC94-AB21AAA56D4A}
	EndGlobalSection
EndGlobal
