
Microsoft Visual Studio Solution File, Format Version 12.00
# Visual Studio Version 16
VisualStudioVersion = 16.0.30503.244
MinimumVisualStudioVersion = 10.0.40219.1
Project("{FAE04EC0-301F-11D3-BF4B-00C04F79EFBC}") = "ChocolatesByNumbers", "ChocolatesByNumbers\ChocolatesByNumbers.csproj", "{671F3163-52C6-42F6-B7D7-183FDED801B6}"
EndProject
Global
	GlobalSection(SolutionConfigurationPlatforms) = preSolution
		Debug|Any CPU = Debug|Any CPU
		Release|Any CPU = Release|Any CPU
	EndGlobalSection
	GlobalSection(ProjectConfigurationPlatforms) = postSolution
		{671F3163-52C6-42F6-B7D7-183FDED801B6}.Debug|Any CPU.ActiveCfg = Debug|Any CPU
		{671F3163-52C6-42F6-B7D7-183FDED801B6}.Debug|Any CPU.Build.0 = Debug|Any CPU
		{671F3163-52C6-42F6-B7D7-183FDED801B6}.Release|Any CPU.ActiveCfg = Release|Any CPU
		{671F3163-52C6-42F6-B7D7-183FDED801B6}.Release|Any CPU.Build.0 = Release|Any CPU
	EndGlobalSection
	GlobalSection(SolutionProperties) = preSolution
		HideSolutionNode = FALSE
	EndGlobalSection
	GlobalSection(ExtensibilityGlobals) = postSolution
		SolutionGuid = {9C95ECC3-7056-4E92-8B5B-1B5F6C28652E}
	EndGlobalSection
EndGlobal
