
Microsoft Visual Studio Solution File, Format Version 12.00
# Visual Studio Version 16
VisualStudioVersion = 16.0.29403.142
MinimumVisualStudioVersion = 10.0.40219.1
Project("{FAE04EC0-301F-11D3-BF4B-00C04F79EFBC}") = "OddOccunernce", "OddOccunernce\OddOccunernce.csproj", "{A28C17BD-41CF-4C5C-814A-4B0BC8D53C4E}"
EndProject
Global
	GlobalSection(SolutionConfigurationPlatforms) = preSolution
		Debug|Any CPU = Debug|Any CPU
		Release|Any CPU = Release|Any CPU
	EndGlobalSection
	GlobalSection(ProjectConfigurationPlatforms) = postSolution
		{A28C17BD-41CF-4C5C-814A-4B0BC8D53C4E}.Debug|Any CPU.ActiveCfg = Debug|Any CPU
		{A28C17BD-41CF-4C5C-814A-4B0BC8D53C4E}.Debug|Any CPU.Build.0 = Debug|Any CPU
		{A28C17BD-41CF-4C5C-814A-4B0BC8D53C4E}.Release|Any CPU.ActiveCfg = Release|Any CPU
		{A28C17BD-41CF-4C5C-814A-4B0BC8D53C4E}.Release|Any CPU.Build.0 = Release|Any CPU
	EndGlobalSection
	GlobalSection(SolutionProperties) = preSolution
		HideSolutionNode = FALSE
	EndGlobalSection
	GlobalSection(ExtensibilityGlobals) = postSolution
		SolutionGuid = {F56E3140-FED1-4224-892B-32B60B272CDE}
	EndGlobalSection
EndGlobal
